// !$*UTF8*$!
{
	archiveVersion = 1;
	classes = {
	};
	objectVersion = 48;
	objects = {

/* Begin PBXBuildFile section */
		F62251E71FB97742002063D0 /* AppDelegate.swift in Sources */ = {isa = PBXBuildFile; fileRef = F62251E61FB97742002063D0 /* AppDelegate.swift */; };
		F62251E91FB97742002063D0 /* ViewController.swift in Sources */ = {isa = PBXBuildFile; fileRef = F62251E81FB97742002063D0 /* ViewController.swift */; };
		F62251EC1FB97742002063D0 /* Main.storyboard in Resources */ = {isa = PBXBuildFile; fileRef = F62251EA1FB97742002063D0 /* Main.storyboard */; };
		F62251EE1FB97742002063D0 /* Assets.xcassets in Resources */ = {isa = PBXBuildFile; fileRef = F62251ED1FB97742002063D0 /* Assets.xcassets */; };
		F62251F11FB97742002063D0 /* LaunchScreen.storyboard in Resources */ = {isa = PBXBuildFile; fileRef = F62251EF1FB97742002063D0 /* LaunchScreen.storyboard */; };
		F62252021FB977FF002063D0 /* NSLayoutConstraint+PureLayout.m in Sources */ = {isa = PBXBuildFile; fileRef = F62251FB1FB977FF002063D0 /* NSLayoutConstraint+PureLayout.m */; };
		F62252031FB977FF002063D0 /* ALView+PureLayout.m in Sources */ = {isa = PBXBuildFile; fileRef = F62251FE1FB977FF002063D0 /* ALView+PureLayout.m */; };
		F62252041FB977FF002063D0 /* NSArray+PureLayout.m in Sources */ = {isa = PBXBuildFile; fileRef = F62252011FB977FF002063D0 /* NSArray+PureLayout.m */; };
/* End PBXBuildFile section */

/* Begin PBXFileReference section */
		F62251E31FB97742002063D0 /* UIView加指定边框.app */ = {isa = PBXFileReference; explicitFileType = wrapper.application; includeInIndex = 0; path = "UIView加指定边框.app"; sourceTree = BUILT_PRODUCTS_DIR; };
		F62251E61FB97742002063D0 /* AppDelegate.swift */ = {isa = PBXFileReference; lastKnownFileType = sourcecode.swift; path = AppDelegate.swift; sourceTree = "<group>"; };
		F62251E81FB97742002063D0 /* ViewController.swift */ = {isa = PBXFileReference; lastKnownFileType = sourcecode.swift; path = ViewController.swift; sourceTree = "<group>"; };
		F62251EB1FB97742002063D0 /* Base */ = {isa = PBXFileReference; lastKnownFileType = file.storyboard; name = Base; path = Base.lproj/Main.storyboard; sourceTree = "<group>"; };
		F62251ED1FB97742002063D0 /* Assets.xcassets */ = {isa = PBXFileReference; lastKnownFileType = folder.assetcatalog; path = Assets.xcassets; sourceTree = "<group>"; };
		F62251F01FB97742002063D0 /* Base */ = {isa = PBXFileReference; lastKnownFileType = file.storyboard; name = Base; path = Base.lproj/LaunchScreen.storyboard; sourceTree = "<group>"; };
		F62251F21FB97742002063D0 /* Info.plist */ = {isa = PBXFileReference; lastKnownFileType = text.plist.xml; path = Info.plist; sourceTree = "<group>"; };
		F62251F91FB977FF002063D0 /* PureLayoutDefines.h */ = {isa = PBXFileReference; fileEncoding = 4; lastKnownFileType = sourcecode.c.h; path = PureLayoutDefines.h; sourceTree = "<group>"; };
		F62251FA1FB977FF002063D0 /* ALView+PureLayout.h */ = {isa = PBXFileReference; fileEncoding = 4; lastKnownFileType = sourcecode.c.h; path = "ALView+PureLayout.h"; sourceTree = "<group>"; };
		F62251FB1FB977FF002063D0 /* NSLayoutConstraint+PureLayout.m */ = {isa = PBXFileReference; fileEncoding = 4; lastKnownFileType = sourcecode.c.objc; path = "NSLayoutConstraint+PureLayout.m"; sourceTree = "<group>"; };
		F62251FC1FB977FF002063D0 /* NSArray+PureLayout.h */ = {isa = PBXFileReference; fileEncoding = 4; lastKnownFileType = sourcecode.c.h; path = "NSArray+PureLayout.h"; sourceTree = "<group>"; };
		F62251FD1FB977FF002063D0 /* NSLayoutConstraint+PureLayout.h */ = {isa = PBXFileReference; fileEncoding = 4; lastKnownFileType = sourcecode.c.h; path = "NSLayoutConstraint+PureLayout.h"; sourceTree = "<group>"; };
		F62251FE1FB977FF002063D0 /* ALView+PureLayout.m */ = {isa = PBXFileReference; fileEncoding = 4; lastKnownFileType = sourcecode.c.objc; path = "ALView+PureLayout.m"; sourceTree = "<group>"; };
		F62251FF1FB977FF002063D0 /* PureLayout+Internal.h */ = {isa = PBXFileReference; fileEncoding = 4; lastKnownFileType = sourcecode.c.h; path = "PureLayout+Internal.h"; sourceTree = "<group>"; };
		F62252001FB977FF002063D0 /* PureLayout.h */ = {isa = PBXFileReference; fileEncoding = 4; lastKnownFileType = sourcecode.c.h; path = PureLayout.h; sourceTree = "<group>"; };
		F62252011FB977FF002063D0 /* NSArray+PureLayout.m */ = {isa = PBXFileReference; fileEncoding = 4; lastKnownFileType = sourcecode.c.objc; path = "NSArray+PureLayout.m"; sourceTree = "<group>"; };
/* End PBXFileReference section */

/* Begin PBXFrameworksBuildPhase section */
		F62251E01FB97742002063D0 /* Frameworks */ = {
			isa = PBXFrameworksBuildPhase;
			buildActionMask = 2147483647;
			files = (
			);
			runOnlyForDeploymentPostprocessing = 0;
		};
/* End PBXFrameworksBuildPhase section */

/* Begin PBXGroup section */
		F62251DA1FB97742002063D0 = {
			isa = PBXGroup;
			children = (
				F62251E51FB97742002063D0 /* UIView加指定边框 */,
				F62251E41FB97742002063D0 /* Products */,
			);
			sourceTree = "<group>";
		};
		F62251E41FB97742002063D0 /* Products */ = {
			isa = PBXGroup;
			children = (
				F62251E31FB97742002063D0 /* UIView加指定边框.app */,
			);
			name = Products;
			sourceTree = "<group>";
		};
		F62251E51FB97742002063D0 /* UIView加指定边框 */ = {
			isa = PBXGroup;
			children = (
				F62251F81FB977FF002063D0 /* PureLayout */,
				F62251E61FB97742002063D0 /* AppDelegate.swift */,
				F62251E81FB97742002063D0 /* ViewController.swift */,
				F62251EA1FB97742002063D0 /* Main.storyboard */,
				F62251ED1FB97742002063D0 /* Assets.xcassets */,
				F62251EF1FB97742002063D0 /* LaunchScreen.storyboard */,
				F62251F21FB97742002063D0 /* Info.plist */,
			);
			path = "UIView加指定边框";
			sourceTree = "<group>";
		};
		F62251F81FB977FF002063D0 /* PureLayout */ = {
			isa = PBXGroup;
			children = (
				F62251F91FB977FF002063D0 /* PureLayoutDefines.h */,
				F62251FA1FB977FF002063D0 /* ALView+PureLayout.h */,
				F62251FB1FB977FF002063D0 /* NSLayoutConstraint+PureLayout.m */,
				F62251FC1FB977FF002063D0 /* NSArray+PureLayout.h */,
				F62251FD1FB977FF002063D0 /* NSLayoutConstraint+PureLayout.h */,
				F62251FE1FB977FF002063D0 /* ALView+PureLayout.m */,
				F62251FF1FB977FF002063D0 /* PureLayout+Internal.h */,
				F62252001FB977FF002063D0 /* PureLayout.h */,
				F62252011FB977FF002063D0 /* NSArray+PureLayout.m */,
			);
			path = PureLayout;
			sourceTree = "<group>";
		};
/* End PBXGroup section */

/* Begin PBXNativeTarget section */
		F62251E21FB97742002063D0 /* UIView加指定边框 */ = {
			isa = PBXNativeTarget;
			buildConfigurationList = F62251F51FB97742002063D0 /* Build configuration list for PBXNativeTarget "UIView加指定边框" */;
			buildPhases = (
				F62251DF1FB97742002063D0 /* Sources */,
				F62251E01FB97742002063D0 /* Frameworks */,
				F62251E11FB97742002063D0 /* Resources */,
			);
			buildRules = (
			);
			dependencies = (
			);
			name = "UIView加指定边框";
			productName = "UIView加指定边框";
			productReference = F62251E31FB97742002063D0 /* UIView加指定边框.app */;
			productType = "com.apple.product-type.application";
		};
/* End PBXNativeTarget section */

/* Begin PBXProject section */
		F62251DB1FB97742002063D0 /* Project object */ = {
			isa = PBXProject;
			attributes = {
				LastSwiftUpdateCheck = 0910;
				LastUpgradeCheck = 0910;
				ORGANIZATIONNAME = Snake;
				TargetAttributes = {
					F62251E21FB97742002063D0 = {
						CreatedOnToolsVersion = 9.1;
						ProvisioningStyle = Automatic;
					};
				};
			};
			buildConfigurationList = F62251DE1FB97742002063D0 /* Build configuration list for PBXProject "UIView加指定边框" */;
			compatibilityVersion = "Xcode 8.0";
			developmentRegion = en;
			hasScannedForEncodings = 0;
			knownRegions = (
				en,
				Base,
			);
			mainGroup = F62251DA1FB97742002063D0;
			productRefGroup = F62251E41FB97742002063D0 /* Products */;
			projectDirPath = "";
			projectRoot = "";
			targets = (
				F62251E21FB97742002063D0 /* UIView加指定边框 */,
			);
		};
/* End PBXProject section */

/* Begin PBXResourcesBuildPhase section */
		F62251E11FB97742002063D0 /* Resources */ = {
			isa = PBXResourcesBuildPhase;
			buildActionMask = 2147483647;
			files = (
				F62251F11FB97742002063D0 /* LaunchScreen.storyboard in Resources */,
				F62251EE1FB97742002063D0 /* Assets.xcassets in Resources */,
				F62251EC1FB97742002063D0 /* Main.storyboard in Resources */,
			);
			runOnlyForDeploymentPostprocessing = 0;
		};
/* End PBXResourcesBuildPhase section */

/* Begin PBXSourcesBuildPhase section */
		F62251DF1FB97742002063D0 /* Sources */ = {
			isa = PBXSourcesBuildPhase;
			buildActionMask = 2147483647;
			files = (
				F62251E91FB97742002063D0 /* ViewController.swift in Sources */,
				F62251E71FB97742002063D0 /* AppDelegate.swift in Sources */,
				F62252021FB977FF002063D0 /* NSLayoutConstraint+PureLayout.m in Sources */,
				F62252031FB977FF002063D0 /* ALView+PureLayout.m in Sources */,
				F62252041FB977FF002063D0 /* NSArray+PureLayout.m in Sources */,
			);
			runOnlyForDeploymentPostprocessing = 0;
		};
/* End PBXSourcesBuildPhase section */

/* Begin PBXVariantGroup section */
		F62251EA1FB97742002063D0 /* Main.storyboard */ = {
			isa = PBXVariantGroup;
			children = (
				F62251EB1FB97742002063D0 /* Base */,
			);
			name = Main.storyboard;
			sourceTree = "<group>";
		};
		F62251EF1FB97742002063D0 /* LaunchScreen.storyboard */ = {
			isa = PBXVariantGroup;
			children = (
				F62251F01FB97742002063D0 /* Base */,
			);
			name = LaunchScreen.storyboard;
			sourceTree = "<group>";
		};
/* End PBXVariantGroup section */

/* Begin XCBuildConfiguration section */
		F62251F31FB97742002063D0 /* Debug */ = {
			isa = XCBuildConfiguration;
			buildSettings = {
				ALWAYS_SEARCH_USER_PATHS = NO;
				CLANG_ANALYZER_NONNULL = YES;
				CLANG_ANALYZER_NUMBER_OBJECT_CONVERSION = YES_AGGRESSIVE;
				CLANG_CXX_LANGUAGE_STANDARD = "gnu++14";
				CLANG_CXX_LIBRARY = "libc++";
				CLANG_ENABLE_MODULES = YES;
				CLANG_ENABLE_OBJC_ARC = YES;
				CLANG_WARN_BLOCK_CAPTURE_AUTORELEASING = YES;
				CLANG_WARN_BOOL_CONVERSION = YES;
				CLANG_WARN_COMMA = YES;
				CLANG_WARN_CONSTANT_CONVERSION = YES;
				CLANG_WARN_DIRECT_OBJC_ISA_USAGE = YES_ERROR;
				CLANG_WARN_DOCUMENTATION_COMMENTS = YES;
				CLANG_WARN_EMPTY_BODY = YES;
				CLANG_WARN_ENUM_CONVERSION = YES;
				CLANG_WARN_INFINITE_RECURSION = YES;
				CLANG_WARN_INT_CONVERSION = YES;
				CLANG_WARN_NON_LITERAL_NULL_CONVERSION = YES;
				CLANG_WARN_OBJC_LITERAL_CONVERSION = YES;
				CLANG_WARN_OBJC_ROOT_CLASS = YES_ERROR;
				CLANG_WARN_RANGE_LOOP_ANALYSIS = YES;
				CLANG_WARN_STRICT_PROTOTYPES = YES;
				CLANG_WARN_SUSPICIOUS_MOVE = YES;
				CLANG_WARN_UNGUARDED_AVAILABILITY = YES_AGGRESSIVE;
				CLANG_WARN_UNREACHABLE_CODE = YES;
				CLANG_WARN__DUPLICATE_METHOD_MATCH = YES;
				CODE_SIGN_IDENTITY = "iPhone Developer";
				COPY_PHASE_STRIP = NO;
				DEBUG_INFORMATION_FORMAT = dwarf;
				ENABLE_STRICT_OBJC_MSGSEND = YES;
				ENABLE_TESTABILITY = YES;
				GCC_C_LANGUAGE_STANDARD = gnu11;
				GCC_DYNAMIC_NO_PIC = NO;
				GCC_NO_COMMON_BLOCKS = YES;
				GCC_OPTIMIZATION_LEVEL = 0;
				GCC_PREPROCESSOR_DEFINITIONS = (
					"DEBUG=1",
					"$(inherited)",
				);
				GCC_WARN_64_TO_32_BIT_CONVERSION = YES;
				GCC_WARN_ABOUT_RETURN_TYPE = YES_ERROR;
				GCC_WARN_UNDECLARED_SELECTOR = YES;
				GCC_WARN_UNINITIALIZED_AUTOS = YES_AGGRESSIVE;
				GCC_WARN_UNUSED_FUNCTION = YES;
				GCC_WARN_UNUSED_VARIABLE = YES;
				IPHONEOS_DEPLOYMENT_TARGET = 11.1;
				MTL_ENABLE_DEBUG_INFO = YES;
				ONLY_ACTIVE_ARCH = YES;
				SDKROOT = iphoneos;
				SWIFT_ACTIVE_COMPILATION_CONDITIONS = DEBUG;
				SWIFT_OPTIMIZATION_LEVEL = "-Onone";
			};
			name = Debug;
		};
		F62251F41FB97742002063D0 /* Release */ = {
			isa = XCBuildConfiguration;
			buildSettings = {
				ALWAYS_SEARCH_USER_PATHS = NO;
				CLANG_ANALYZER_NONNULL = YES;
				CLANG_ANALYZER_NUMBER_OBJECT_CONVERSION = YES_AGGRESSIVE;
				CLANG_CXX_LANGUAGE_STANDARD = "gnu++14";
				CLANG_CXX_LIBRARY = "libc++";
				CLANG_ENABLE_MODULES = YES;
				CLANG_ENABLE_OBJC_ARC = YES;
				CLANG_WARN_BLOCK_CAPTURE_AUTORELEASING = YES;
				CLANG_WARN_BOOL_CONVERSION = YES;
				CLANG_WARN_COMMA = YES;
				CLANG_WARN_CONSTANT_CONVERSION = YES;
				CLANG_WARN_DIRECT_OBJC_ISA_USAGE = YES_ERROR;
				CLANG_WARN_DOCUMENTATION_COMMENTS = YES;
				CLANG_WARN_EMPTY_BODY = YES;
				CLANG_WARN_ENUM_CONVERSION = YES;
				CLANG_WARN_INFINITE_RECURSION = YES;
				CLANG_WARN_INT_CONVERSION = YES;
				CLANG_WARN_NON_LITERAL_NULL_CONVERSION = YES;
				CLANG_WARN_OBJC_LITERAL_CONVERSION = YES;
				CLANG_WARN_OBJC_ROOT_CLASS = YES_ERROR;
				CLANG_WARN_RANGE_LOOP_ANALYSIS = YES;
				CLANG_WARN_STRICT_PROTOTYPES = YES;
				CLANG_WARN_SUSPICIOUS_MOVE = YES;
				CLANG_WARN_UNGUARDED_AVAILABILITY = YES_AGGRESSIVE;
				CLANG_WARN_UNREACHABLE_CODE = YES;
				CLANG_WARN__DUPLICATE_METHOD_MATCH = YES;
				CODE_SIGN_IDENTITY = "iPhone Developer";
				COPY_PHASE_STRIP = NO;
				DEBUG_INFORMATION_FORMAT = "dwarf-with-dsym";
				ENABLE_NS_ASSERTIONS = NO;
				ENABLE_STRICT_OBJC_MSGSEND = YES;
				GCC_C_LANGUAGE_STANDARD = gnu11;
				GCC_NO_COMMON_BLOCKS = YES;
				GCC_WARN_64_TO_32_BIT_CONVERSION = YES;
				GCC_WARN_ABOUT_RETURN_TYPE = YES_ERROR;
				GCC_WARN_UNDECLARED_SELECTOR = YES;
				GCC_WARN_UNINITIALIZED_AUTOS = YES_AGGRESSIVE;
				GCC_WARN_UNUSED_FUNCTION = YES;
				GCC_WARN_UNUSED_VARIABLE = YES;
				IPHONEOS_DEPLOYMENT_TARGET = 11.1;
				MTL_ENABLE_DEBUG_INFO = NO;
				SDKROOT = iphoneos;
				SWIFT_OPTIMIZATION_LEVEL = "-Owholemodule";
				VALIDATE_PRODUCT = YES;
			};
			name = Release;
		};
		F62251F61FB97742002063D0 /* Debug */ = {
			isa = XCBuildConfiguration;
			buildSettings = {
				ASSETCATALOG_COMPILER_APPICON_NAME = AppIcon;
				CODE_SIGN_STYLE = Automatic;
				INFOPLIST_FILE = "UIView加指定边框/Info.plist";
				LD_RUNPATH_SEARCH_PATHS = "$(inherited) @executable_path/Frameworks";
				PRODUCT_BUNDLE_IDENTIFIER = "snake.UIView-----";
				PRODUCT_NAME = "$(TARGET_NAME)";
				SWIFT_VERSION = 4.0;
				TARGETED_DEVICE_FAMILY = "1,2";
			};
			name = Debug;
		};
		F62251F71FB97742002063D0 /* Release */ = {
			isa = XCBuildConfiguration;
			buildSettings = {
				ASSETCATALOG_COMPILER_APPICON_NAME = AppIcon;
				CODE_SIGN_STYLE = Automatic;
				INFOPLIST_FILE = "UIView加指定边框/Info.plist";
				LD_RUNPATH_SEARCH_PATHS = "$(inherited) @executable_path/Frameworks";
				PRODUCT_BUNDLE_IDENTIFIER = "snake.UIView-----";
				PRODUCT_NAME = "$(TARGET_NAME)";
				SWIFT_VERSION = 4.0;
				TARGETED_DEVICE_FAMILY = "1,2";
			};
			name = Release;
		};
/* End XCBuildConfiguration section */

/* Begin XCConfigurationList section */
		F62251DE1FB97742002063D0 /* Build configuration list for PBXProject "UIView加指定边框" */ = {
			isa = XCConfigurationList;
			buildConfigurations = (
				F62251F31FB97742002063D0 /* Debug */,
				F62251F41FB97742002063D0 /* Release */,
			);
			defaultConfigurationIsVisible = 0;
			defaultConfigurationName = Release;
		};
		F62251F51FB97742002063D0 /* Build configuration list for PBXNativeTarget "UIView加指定边框" */ = {
			isa = XCConfigurationList;
			buildConfigurations = (
				F62251F61FB97742002063D0 /* Debug */,
				F62251F71FB97742002063D0 /* Release */,
			);
			defaultConfigurationIsVisible = 0;
			defaultConfigurationName = Release;
		};
/* End XCConfigurationList section */
	};
	rootObject = F62251DB1FB97742002063D0 /* Project object */;
}
